
Microsoft Visual Studio Solution File, Format Version 12.00
# Visual Studio 15
VisualStudioVersion = 15.0.26430.13
MinimumVisualStudioVersion = 10.0.40219.1
Project("{FAE04EC0-301F-11D3-BF4B-00C04F79EFBC}") = "PictureWiz", "PracticeApp\PictureWiz.csproj", "{7B2A6BE9-263D-41B8-A792-8BBBCD1D382B}"
EndProject
Project("{FAE04EC0-301F-11D3-BF4B-00C04F79EFBC}") = "MyMvvmLib", "MyMvvmLib\MyMvvmLib.csproj", "{6C08BD7F-2274-4ADA-B9A2-6C54876D544B}"
EndProject
Project("{FAE04EC0-301F-11D3-BF4B-00C04F79EFBC}") = "MathWiz", "MathWiz\MathWiz.csproj", "{23C71902-05D1-46C1-8C28-8ECC8840B054}"
EndProject
Project("{FAE04EC0-301F-11D3-BF4B-00C04F79EFBC}") = "Word Wiz", "Word Wiz\Word Wiz.csproj", "{99608F76-F8A9-48D8-81A3-BF81E9296658}"
EndProject
Project("{FAE04EC0-301F-11D3-BF4B-00C04F79EFBC}") = "DrawWiz", "DrawWiz\DrawWiz.csproj", "{C7E4364E-3C0A-4277-B6CD-73DBFD44A970}"
EndProject
Project("{FAE04EC0-301F-11D3-BF4B-00C04F79EFBC}") = "ColorPicker", "ColorPickerLib\ColorPicker.csproj", "{99E90579-62FC-4898-B168-24F7DBD3A34D}"
EndProject
Global
	GlobalSection(SolutionConfigurationPlatforms) = preSolution
		Debug|Any CPU = Debug|Any CPU
		Debug|x86 = Debug|x86
		Release|Any CPU = Release|Any CPU
		Release|x86 = Release|x86
	EndGlobalSection
	GlobalSection(ProjectConfigurationPlatforms) = postSolution
		{7B2A6BE9-263D-41B8-A792-8BBBCD1D382B}.Debug|Any CPU.ActiveCfg = Debug|Any CPU
		{7B2A6BE9-263D-41B8-A792-8BBBCD1D382B}.Debug|Any CPU.Build.0 = Debug|Any CPU
		{7B2A6BE9-263D-41B8-A792-8BBBCD1D382B}.Debug|x86.ActiveCfg = Debug|Any CPU
		{7B2A6BE9-263D-41B8-A792-8BBBCD1D382B}.Release|Any CPU.ActiveCfg = Release|Any CPU
		{7B2A6BE9-263D-41B8-A792-8BBBCD1D382B}.Release|Any CPU.Build.0 = Release|Any CPU
		{7B2A6BE9-263D-41B8-A792-8BBBCD1D382B}.Release|x86.ActiveCfg = Release|Any CPU
		{6C08BD7F-2274-4ADA-B9A2-6C54876D544B}.Debug|Any CPU.ActiveCfg = Debug|Any CPU
		{6C08BD7F-2274-4ADA-B9A2-6C54876D544B}.Debug|Any CPU.Build.0 = Debug|Any CPU
		{6C08BD7F-2274-4ADA-B9A2-6C54876D544B}.Debug|x86.ActiveCfg = Debug|Any CPU
		{6C08BD7F-2274-4ADA-B9A2-6C54876D544B}.Release|Any CPU.ActiveCfg = Release|Any CPU
		{6C08BD7F-2274-4ADA-B9A2-6C54876D544B}.Release|Any CPU.Build.0 = Release|Any CPU
		{6C08BD7F-2274-4ADA-B9A2-6C54876D544B}.Release|x86.ActiveCfg = Release|Any CPU
		{23C71902-05D1-46C1-8C28-8ECC8840B054}.Debug|Any CPU.ActiveCfg = Debug|Any CPU
		{23C71902-05D1-46C1-8C28-8ECC8840B054}.Debug|Any CPU.Build.0 = Debug|Any CPU
		{23C71902-05D1-46C1-8C28-8ECC8840B054}.Debug|x86.ActiveCfg = Debug|Any CPU
		{23C71902-05D1-46C1-8C28-8ECC8840B054}.Release|Any CPU.ActiveCfg = Release|Any CPU
		{23C71902-05D1-46C1-8C28-8ECC8840B054}.Release|Any CPU.Build.0 = Release|Any CPU
		{23C71902-05D1-46C1-8C28-8ECC8840B054}.Release|x86.ActiveCfg = Release|Any CPU
		{99608F76-F8A9-48D8-81A3-BF81E9296658}.Debug|Any CPU.ActiveCfg = Debug|Any CPU
		{99608F76-F8A9-48D8-81A3-BF81E9296658}.Debug|Any CPU.Build.0 = Debug|Any CPU
		{99608F76-F8A9-48D8-81A3-BF81E9296658}.Debug|x86.ActiveCfg = Debug|Any CPU
		{99608F76-F8A9-48D8-81A3-BF81E9296658}.Release|Any CPU.ActiveCfg = Release|Any CPU
		{99608F76-F8A9-48D8-81A3-BF81E9296658}.Release|Any CPU.Build.0 = Release|Any CPU
		{99608F76-F8A9-48D8-81A3-BF81E9296658}.Release|x86.ActiveCfg = Release|Any CPU
		{C7E4364E-3C0A-4277-B6CD-73DBFD44A970}.Debug|Any CPU.ActiveCfg = Debug|Any CPU
		{C7E4364E-3C0A-4277-B6CD-73DBFD44A970}.Debug|Any CPU.Build.0 = Debug|Any CPU
		{C7E4364E-3C0A-4277-B6CD-73DBFD44A970}.Debug|x86.ActiveCfg = Debug|Any CPU
		{C7E4364E-3C0A-4277-B6CD-73DBFD44A970}.Release|Any CPU.ActiveCfg = Release|Any CPU
		{C7E4364E-3C0A-4277-B6CD-73DBFD44A970}.Release|Any CPU.Build.0 = Release|Any CPU
		{C7E4364E-3C0A-4277-B6CD-73DBFD44A970}.Release|x86.ActiveCfg = Release|Any CPU
		{99E90579-62FC-4898-B168-24F7DBD3A34D}.Debug|Any CPU.ActiveCfg = Release|Any CPU
		{99E90579-62FC-4898-B168-24F7DBD3A34D}.Debug|Any CPU.Build.0 = Release|Any CPU
		{99E90579-62FC-4898-B168-24F7DBD3A34D}.Debug|x86.ActiveCfg = Release|Any CPU
		{99E90579-62FC-4898-B168-24F7DBD3A34D}.Release|Any CPU.ActiveCfg = Release|Any CPU
		{99E90579-62FC-4898-B168-24F7DBD3A34D}.Release|Any CPU.Build.0 = Release|Any CPU
		{99E90579-62FC-4898-B168-24F7DBD3A34D}.Release|x86.ActiveCfg = Release|Any CPU
	EndGlobalSection
	GlobalSection(SolutionProperties) = preSolution
		HideSolutionNode = FALSE
	EndGlobalSection
EndGlobal
